
Microsoft Visual Studio Solution File, Format Version 12.00
# Visual Studio Version 16
VisualStudioVersion = 16.0.32901.82
MinimumVisualStudioVersion = 10.0.40219.1
Project("{FAE04EC0-301F-11D3-BF4B-00C04F79EFBC}") = "WebApp", "WebApp\WebApp.csproj", "{4DEC388F-0F3D-48A1-AC55-79FED6E40180}"
EndProject
Project("{FAE04EC0-301F-11D3-BF4B-00C04F79EFBC}") = "Core", "Core\Core.csproj", "{C98FD8A2-DC5D-4492-9517-5A95932EC6CE}"
EndProject
Project("{FAE04EC0-301F-11D3-BF4B-00C04F79EFBC}") = "Insfrastructure", "Insfrastructure\Insfrastructure.csproj", "{7ED60EDA-4E95-40A5-B935-1E14C6E5B6D3}"
EndProject
Global
	GlobalSection(SolutionConfigurationPlatforms) = preSolution
		Debug|Any CPU = Debug|Any CPU
		Release|Any CPU = Release|Any CPU
	EndGlobalSection
	GlobalSection(ProjectConfigurationPlatforms) = postSolution
		{4DEC388F-0F3D-48A1-AC55-79FED6E40180}.Debug|Any CPU.ActiveCfg = Debug|Any CPU
		{4DEC388F-0F3D-48A1-AC55-79FED6E40180}.Debug|Any CPU.Build.0 = Debug|Any CPU
		{4DEC388F-0F3D-48A1-AC55-79FED6E40180}.Release|Any CPU.ActiveCfg = Release|Any CPU
		{4DEC388F-0F3D-48A1-AC55-79FED6E40180}.Release|Any CPU.Build.0 = Release|Any CPU
		{C98FD8A2-DC5D-4492-9517-5A95932EC6CE}.Debug|Any CPU.ActiveCfg = Debug|Any CPU
		{C98FD8A2-DC5D-4492-9517-5A95932EC6CE}.Debug|Any CPU.Build.0 = Debug|Any CPU
		{C98FD8A2-DC5D-4492-9517-5A95932EC6CE}.Release|Any CPU.ActiveCfg = Release|Any CPU
		{C98FD8A2-DC5D-4492-9517-5A95932EC6CE}.Release|Any CPU.Build.0 = Release|Any CPU
		{7ED60EDA-4E95-40A5-B935-1E14C6E5B6D3}.Debug|Any CPU.ActiveCfg = Debug|Any CPU
		{7ED60EDA-4E95-40A5-B935-1E14C6E5B6D3}.Debug|Any CPU.Build.0 = Debug|Any CPU
		{7ED60EDA-4E95-40A5-B935-1E14C6E5B6D3}.Release|Any CPU.ActiveCfg = Release|Any CPU
		{7ED60EDA-4E95-40A5-B935-1E14C6E5B6D3}.Release|Any CPU.Build.0 = Release|Any CPU
	EndGlobalSection
	GlobalSection(SolutionProperties) = preSolution
		HideSolutionNode = FALSE
	EndGlobalSection
	GlobalSection(ExtensibilityGlobals) = postSolution
		SolutionGuid = {0187670D-40E1-44B6-BF6A-DF433FE0880F}
	EndGlobalSection
EndGlobal
